
Microsoft Visual Studio Solution File, Format Version 12.00
# Visual Studio 15
VisualStudioVersion = 15.0.28010.2016
MinimumVisualStudioVersion = 10.0.40219.1
Project("{9A19103F-16F7-4668-BE54-9A1E7A4F7556}") = "Membership.Api", "Membership.Api\Membership.Api.csproj", "{7CF562E7-BE46-4025-8FCC-AA8D0DE70CBC}"
EndProject
Project("{9A19103F-16F7-4668-BE54-9A1E7A4F7556}") = "Membership.Core", "Membership.Core\Membership.Core.csproj", "{AD1A0E89-C1A7-4B23-82A6-21A5D721BB60}"
EndProject
Project("{FAE04EC0-301F-11D3-BF4B-00C04F79EFBC}") = "Membership.Core.Testing", "Membership.Core.Testing\Membership.Core.Testing.csproj", "{BACD638B-419E-486D-AC37-7C9262DBF01E}"
EndProject
Global
	GlobalSection(SolutionConfigurationPlatforms) = preSolution
		Debug|Any CPU = Debug|Any CPU
		Release|Any CPU = Release|Any CPU
	EndGlobalSection
	GlobalSection(ProjectConfigurationPlatforms) = postSolution
		{7CF562E7-BE46-4025-8FCC-AA8D0DE70CBC}.Debug|Any CPU.ActiveCfg = Debug|Any CPU
		{7CF562E7-BE46-4025-8FCC-AA8D0DE70CBC}.Debug|Any CPU.Build.0 = Debug|Any CPU
		{7CF562E7-BE46-4025-8FCC-AA8D0DE70CBC}.Release|Any CPU.ActiveCfg = Release|Any CPU
		{7CF562E7-BE46-4025-8FCC-AA8D0DE70CBC}.Release|Any CPU.Build.0 = Release|Any CPU
		{AD1A0E89-C1A7-4B23-82A6-21A5D721BB60}.Debug|Any CPU.ActiveCfg = Debug|Any CPU
		{AD1A0E89-C1A7-4B23-82A6-21A5D721BB60}.Debug|Any CPU.Build.0 = Debug|Any CPU
		{AD1A0E89-C1A7-4B23-82A6-21A5D721BB60}.Release|Any CPU.ActiveCfg = Release|Any CPU
		{AD1A0E89-C1A7-4B23-82A6-21A5D721BB60}.Release|Any CPU.Build.0 = Release|Any CPU
		{BACD638B-419E-486D-AC37-7C9262DBF01E}.Debug|Any CPU.ActiveCfg = Debug|Any CPU
		{BACD638B-419E-486D-AC37-7C9262DBF01E}.Debug|Any CPU.Build.0 = Debug|Any CPU
		{BACD638B-419E-486D-AC37-7C9262DBF01E}.Release|Any CPU.ActiveCfg = Release|Any CPU
		{BACD638B-419E-486D-AC37-7C9262DBF01E}.Release|Any CPU.Build.0 = Release|Any CPU
	EndGlobalSection
	GlobalSection(SolutionProperties) = preSolution
		HideSolutionNode = FALSE
	EndGlobalSection
	GlobalSection(ExtensibilityGlobals) = postSolution
		SolutionGuid = {035F9514-BADE-4359-BFA2-2868652712E1}
	EndGlobalSection
EndGlobal
